
Microsoft Visual Studio Solution File, Format Version 12.00
# Visual Studio Version 16
VisualStudioVersion = 16.0.29509.3
MinimumVisualStudioVersion = 10.0.40219.1
Project("{FAE04EC0-301F-11D3-BF4B-00C04F79EFBC}") = "wfa_exercice3", "wfa_exercice3.csproj", "{44301F10-1AC3-40EE-BF1C-68691643F8CF}"
EndProject
Global
	GlobalSection(SolutionConfigurationPlatforms) = preSolution
		Debug|Any CPU = Debug|Any CPU
		Release|Any CPU = Release|Any CPU
	EndGlobalSection
	GlobalSection(ProjectConfigurationPlatforms) = postSolution
		{44301F10-1AC3-40EE-BF1C-68691643F8CF}.Debug|Any CPU.ActiveCfg = Debug|Any CPU
		{44301F10-1AC3-40EE-BF1C-68691643F8CF}.Debug|Any CPU.Build.0 = Debug|Any CPU
		{44301F10-1AC3-40EE-BF1C-68691643F8CF}.Release|Any CPU.ActiveCfg = Release|Any CPU
		{44301F10-1AC3-40EE-BF1C-68691643F8CF}.Release|Any CPU.Build.0 = Release|Any CPU
	EndGlobalSection
	GlobalSection(SolutionProperties) = preSolution
		HideSolutionNode = FALSE
	EndGlobalSection
	GlobalSection(ExtensibilityGlobals) = postSolution
		SolutionGuid = {3A7A4BE3-18A1-4EA2-ABCD-03D0210189F1}
	EndGlobalSection
EndGlobal
